// !$*UTF8*$!
{
	archiveVersion = 1;
	classes = {
	};
	objectVersion = 46;
	objects = {

/* Begin PBXBuildFile section */
		BD055E921BC40425003B7ABD /* OTPGenerator.framework in Frameworks */ = {isa = PBXBuildFile; fileRef = BDD056541BC40353000C5112 /* OTPGenerator.framework */; };
		BD055E931BC40425003B7ABD /* OTPGenerator.framework in Embed Frameworks */ = {isa = PBXBuildFile; fileRef = BDD056541BC40353000C5112 /* OTPGenerator.framework */; settings = {ATTRIBUTES = (CodeSignOnCopy, RemoveHeadersOnCopy, ); }; };
		BDD056221BC3FB2F000C5112 /* AppDelegate.swift in Sources */ = {isa = PBXBuildFile; fileRef = BDD056211BC3FB2F000C5112 /* AppDelegate.swift */; };
		BDD056241BC3FB2F000C5112 /* ViewController.swift in Sources */ = {isa = PBXBuildFile; fileRef = BDD056231BC3FB2F000C5112 /* ViewController.swift */; };
		BDD056271BC3FB2F000C5112 /* Main.storyboard in Resources */ = {isa = PBXBuildFile; fileRef = BDD056251BC3FB2F000C5112 /* Main.storyboard */; };
		BDD056291BC3FB2F000C5112 /* Assets.xcassets in Resources */ = {isa = PBXBuildFile; fileRef = BDD056281BC3FB2F000C5112 /* Assets.xcassets */; };
		BDD0562C1BC3FB2F000C5112 /* LaunchScreen.storyboard in Resources */ = {isa = PBXBuildFile; fileRef = BDD0562A1BC3FB2F000C5112 /* LaunchScreen.storyboard */; };
		BDD056401BC3FB9E000C5112 /* Common.swift in Sources */ = {isa = PBXBuildFile; fileRef = BDD0563C1BC3FB9E000C5112 /* Common.swift */; };
		BDD056411BC3FB9E000C5112 /* GeneratorFactory.swift in Sources */ = {isa = PBXBuildFile; fileRef = BDD0563D1BC3FB9E000C5112 /* GeneratorFactory.swift */; };
		BDD056421BC3FB9E000C5112 /* SettingsViewController.swift in Sources */ = {isa = PBXBuildFile; fileRef = BDD0563E1BC3FB9E000C5112 /* SettingsViewController.swift */; };
		BDD056431BC3FB9E000C5112 /* TokenViewController.swift in Sources */ = {isa = PBXBuildFile; fileRef = BDD0563F1BC3FB9E000C5112 /* TokenViewController.swift */; };
/* End PBXBuildFile section */

/* Begin PBXContainerItemProxy section */
		BD055E941BC40425003B7ABD /* PBXContainerItemProxy */ = {
			isa = PBXContainerItemProxy;
			containerPortal = BDD056331BC3FB3C000C5112 /* OTPGenerator.xcodeproj */;
			proxyType = 1;
			remoteGlobalIDString = BDD055EE1BC3F809000C5112;
			remoteInfo = OTPGenerator;
		};
		BDD056531BC40353000C5112 /* PBXContainerItemProxy */ = {
			isa = PBXContainerItemProxy;
			containerPortal = BDD056331BC3FB3C000C5112 /* OTPGenerator.xcodeproj */;
			proxyType = 2;
			remoteGlobalIDString = BDD055EF1BC3F809000C5112;
			remoteInfo = OTPGenerator;
		};
		BDD056551BC40353000C5112 /* PBXContainerItemProxy */ = {
			isa = PBXContainerItemProxy;
			containerPortal = BDD056331BC3FB3C000C5112 /* OTPGenerator.xcodeproj */;
			proxyType = 2;
			remoteGlobalIDString = BDD055F91BC3F809000C5112;
			remoteInfo = OTPGeneratorTests;
		};
/* End PBXContainerItemProxy section */

/* Begin PBXCopyFilesBuildPhase section */
		BDD056481BC3FBAA000C5112 /* Embed Frameworks */ = {
			isa = PBXCopyFilesBuildPhase;
			buildActionMask = 2147483647;
			dstPath = "";
			dstSubfolderSpec = 10;
			files = (
				BD055E931BC40425003B7ABD /* OTPGenerator.framework in Embed Frameworks */,
			);
			name = "Embed Frameworks";
			runOnlyForDeploymentPostprocessing = 0;
		};
/* End PBXCopyFilesBuildPhase section */

/* Begin PBXFileReference section */
		BDD0561E1BC3FB2F000C5112 /* OTPGeneratorExample.app */ = {isa = PBXFileReference; explicitFileType = wrapper.application; includeInIndex = 0; path = OTPGeneratorExample.app; sourceTree = BUILT_PRODUCTS_DIR; };
		BDD056211BC3FB2F000C5112 /* AppDelegate.swift */ = {isa = PBXFileReference; lastKnownFileType = sourcecode.swift; path = AppDelegate.swift; sourceTree = "<group>"; };
		BDD056231BC3FB2F000C5112 /* ViewController.swift */ = {isa = PBXFileReference; lastKnownFileType = sourcecode.swift; path = ViewController.swift; sourceTree = "<group>"; };
		BDD056261BC3FB2F000C5112 /* Base */ = {isa = PBXFileReference; lastKnownFileType = file.storyboard; name = Base; path = Base.lproj/Main.storyboard; sourceTree = "<group>"; };
		BDD056281BC3FB2F000C5112 /* Assets.xcassets */ = {isa = PBXFileReference; lastKnownFileType = folder.assetcatalog; path = Assets.xcassets; sourceTree = "<group>"; };
		BDD0562B1BC3FB2F000C5112 /* Base */ = {isa = PBXFileReference; lastKnownFileType = file.storyboard; name = Base; path = Base.lproj/LaunchScreen.storyboard; sourceTree = "<group>"; };
		BDD0562D1BC3FB2F000C5112 /* Info.plist */ = {isa = PBXFileReference; lastKnownFileType = text.plist.xml; path = Info.plist; sourceTree = "<group>"; };
		BDD056331BC3FB3C000C5112 /* OTPGenerator.xcodeproj */ = {isa = PBXFileReference; lastKnownFileType = "wrapper.pb-project"; name = OTPGenerator.xcodeproj; path = ../OTPGenerator/OTPGenerator.xcodeproj; sourceTree = "<group>"; };
		BDD0563C1BC3FB9E000C5112 /* Common.swift */ = {isa = PBXFileReference; fileEncoding = 4; lastKnownFileType = sourcecode.swift; path = Common.swift; sourceTree = "<group>"; };
		BDD0563D1BC3FB9E000C5112 /* GeneratorFactory.swift */ = {isa = PBXFileReference; fileEncoding = 4; lastKnownFileType = sourcecode.swift; path = GeneratorFactory.swift; sourceTree = "<group>"; };
		BDD0563E1BC3FB9E000C5112 /* SettingsViewController.swift */ = {isa = PBXFileReference; fileEncoding = 4; lastKnownFileType = sourcecode.swift; path = SettingsViewController.swift; sourceTree = "<group>"; };
		BDD0563F1BC3FB9E000C5112 /* TokenViewController.swift */ = {isa = PBXFileReference; fileEncoding = 4; lastKnownFileType = sourcecode.swift; path = TokenViewController.swift; sourceTree = "<group>"; };
/* End PBXFileReference section */

/* Begin PBXFrameworksBuildPhase section */
		BDD0561B1BC3FB2F000C5112 /* Frameworks */ = {
			isa = PBXFrameworksBuildPhase;
			buildActionMask = 2147483647;
			files = (
				BD055E921BC40425003B7ABD /* OTPGenerator.framework in Frameworks */,
			);
			runOnlyForDeploymentPostprocessing = 0;
		};
/* End PBXFrameworksBuildPhase section */

/* Begin PBXGroup section */
		BDD056151BC3FB2F000C5112 = {
			isa = PBXGroup;
			children = (
				BDD056331BC3FB3C000C5112 /* OTPGenerator.xcodeproj */,
				BDD056201BC3FB2F000C5112 /* OTPGeneratorExample */,
				BDD0561F1BC3FB2F000C5112 /* Products */,
			);
			sourceTree = "<group>";
		};
		BDD0561F1BC3FB2F000C5112 /* Products */ = {
			isa = PBXGroup;
			children = (
				BDD0561E1BC3FB2F000C5112 /* OTPGeneratorExample.app */,
			);
			name = Products;
			sourceTree = "<group>";
		};
		BDD056201BC3FB2F000C5112 /* OTPGeneratorExample */ = {
			isa = PBXGroup;
			children = (
				BDD0563C1BC3FB9E000C5112 /* Common.swift */,
				BDD0563D1BC3FB9E000C5112 /* GeneratorFactory.swift */,
				BDD0563E1BC3FB9E000C5112 /* SettingsViewController.swift */,
				BDD0563F1BC3FB9E000C5112 /* TokenViewController.swift */,
				BDD056211BC3FB2F000C5112 /* AppDelegate.swift */,
				BDD056231BC3FB2F000C5112 /* ViewController.swift */,
				BDD056251BC3FB2F000C5112 /* Main.storyboard */,
				BDD056281BC3FB2F000C5112 /* Assets.xcassets */,
				BDD0562A1BC3FB2F000C5112 /* LaunchScreen.storyboard */,
				BDD0562D1BC3FB2F000C5112 /* Info.plist */,
			);
			path = OTPGeneratorExample;
			sourceTree = "<group>";
		};
		BDD0564F1BC40353000C5112 /* Products */ = {
			isa = PBXGroup;
			children = (
				BDD056541BC40353000C5112 /* OTPGenerator.framework */,
				BDD056561BC40353000C5112 /* OTPGeneratorTests.xctest */,
			);
			name = Products;
			sourceTree = "<group>";
		};
/* End PBXGroup section */

/* Begin PBXNativeTarget section */
		BDD0561D1BC3FB2F000C5112 /* OTPGeneratorExample */ = {
			isa = PBXNativeTarget;
			buildConfigurationList = BDD056301BC3FB2F000C5112 /* Build configuration list for PBXNativeTarget "OTPGeneratorExample" */;
			buildPhases = (
				BDD0561A1BC3FB2F000C5112 /* Sources */,
				BDD0561B1BC3FB2F000C5112 /* Frameworks */,
				BDD0561C1BC3FB2F000C5112 /* Resources */,
				BDD056481BC3FBAA000C5112 /* Embed Frameworks */,
			);
			buildRules = (
			);
			dependencies = (
				BD055E951BC40425003B7ABD /* PBXTargetDependency */,
			);
			name = OTPGeneratorExample;
			productName = MFATokenGeneratorExample;
			productReference = BDD0561E1BC3FB2F000C5112 /* OTPGeneratorExample.app */;
			productType = "com.apple.product-type.application";
		};
/* End PBXNativeTarget section */

/* Begin PBXProject section */
		BDD056161BC3FB2F000C5112 /* Project object */ = {
			isa = PBXProject;
			attributes = {
				LastUpgradeCheck = 0700;
				ORGANIZATIONNAME = "CodeWise sp. z o.o. Sp. k.";
				TargetAttributes = {
					BDD0561D1BC3FB2F000C5112 = {
						CreatedOnToolsVersion = 7.0.1;
					};
				};
			};
			buildConfigurationList = BDD056191BC3FB2F000C5112 /* Build configuration list for PBXProject "OTPGeneratorExample" */;
			compatibilityVersion = "Xcode 3.2";
			developmentRegion = English;
			hasScannedForEncodings = 0;
			knownRegions = (
				en,
				Base,
			);
			mainGroup = BDD056151BC3FB2F000C5112;
			productRefGroup = BDD0561F1BC3FB2F000C5112 /* Products */;
			projectDirPath = "";
			projectReferences = (
				{
					ProductGroup = BDD0564F1BC40353000C5112 /* Products */;
					ProjectRef = BDD056331BC3FB3C000C5112 /* OTPGenerator.xcodeproj */;
				},
			);
			projectRoot = "";
			targets = (
				BDD0561D1BC3FB2F000C5112 /* OTPGeneratorExample */,
			);
		};
/* End PBXProject section */

/* Begin PBXReferenceProxy section */
		BDD056541BC40353000C5112 /* OTPGenerator.framework */ = {
			isa = PBXReferenceProxy;
			fileType = wrapper.framework;
			path = OTPGenerator.framework;
			remoteRef = BDD056531BC40353000C5112 /* PBXContainerItemProxy */;
			sourceTree = BUILT_PRODUCTS_DIR;
		};
		BDD056561BC40353000C5112 /* OTPGeneratorTests.xctest */ = {
			isa = PBXReferenceProxy;
			fileType = wrapper.cfbundle;
			path = OTPGeneratorTests.xctest;
			remoteRef = BDD056551BC40353000C5112 /* PBXContainerItemProxy */;
			sourceTree = BUILT_PRODUCTS_DIR;
		};
/* End PBXReferenceProxy section */

/* Begin PBXResourcesBuildPhase section */
		BDD0561C1BC3FB2F000C5112 /* Resources */ = {
			isa = PBXResourcesBuildPhase;
			buildActionMask = 2147483647;
			files = (
				BDD0562C1BC3FB2F000C5112 /* LaunchScreen.storyboard in Resources */,
				BDD056291BC3FB2F000C5112 /* Assets.xcassets in Resources */,
				BDD056271BC3FB2F000C5112 /* Main.storyboard in Resources */,
			);
			runOnlyForDeploymentPostprocessing = 0;
		};
/* End PBXResourcesBuildPhase section */

/* Begin PBXSourcesBuildPhase section */
		BDD0561A1BC3FB2F000C5112 /* Sources */ = {
			isa = PBXSourcesBuildPhase;
			buildActionMask = 2147483647;
			files = (
				BDD056431BC3FB9E000C5112 /* TokenViewController.swift in Sources */,
				BDD056411BC3FB9E000C5112 /* GeneratorFactory.swift in Sources */,
				BDD056241BC3FB2F000C5112 /* ViewController.swift in Sources */,
				BDD056401BC3FB9E000C5112 /* Common.swift in Sources */,
				BDD056421BC3FB9E000C5112 /* SettingsViewController.swift in Sources */,
				BDD056221BC3FB2F000C5112 /* AppDelegate.swift in Sources */,
			);
			runOnlyForDeploymentPostprocessing = 0;
		};
/* End PBXSourcesBuildPhase section */

/* Begin PBXTargetDependency section */
		BD055E951BC40425003B7ABD /* PBXTargetDependency */ = {
			isa = PBXTargetDependency;
			name = OTPGenerator;
			targetProxy = BD055E941BC40425003B7ABD /* PBXContainerItemProxy */;
		};
/* End PBXTargetDependency section */

/* Begin PBXVariantGroup section */
		BDD056251BC3FB2F000C5112 /* Main.storyboard */ = {
			isa = PBXVariantGroup;
			children = (
				BDD056261BC3FB2F000C5112 /* Base */,
			);
			name = Main.storyboard;
			sourceTree = "<group>";
		};
		BDD0562A1BC3FB2F000C5112 /* LaunchScreen.storyboard */ = {
			isa = PBXVariantGroup;
			children = (
				BDD0562B1BC3FB2F000C5112 /* Base */,
			);
			name = LaunchScreen.storyboard;
			sourceTree = "<group>";
		};
/* End PBXVariantGroup section */

/* Begin XCBuildConfiguration section */
		BDD0562E1BC3FB2F000C5112 /* Debug */ = {
			isa = XCBuildConfiguration;
			buildSettings = {
				ALWAYS_SEARCH_USER_PATHS = NO;
				CLANG_CXX_LANGUAGE_STANDARD = "gnu++0x";
				CLANG_CXX_LIBRARY = "libc++";
				CLANG_ENABLE_MODULES = YES;
				CLANG_ENABLE_OBJC_ARC = YES;
				CLANG_WARN_BOOL_CONVERSION = YES;
				CLANG_WARN_CONSTANT_CONVERSION = YES;
				CLANG_WARN_DIRECT_OBJC_ISA_USAGE = YES_ERROR;
				CLANG_WARN_EMPTY_BODY = YES;
				CLANG_WARN_ENUM_CONVERSION = YES;
				CLANG_WARN_INT_CONVERSION = YES;
				CLANG_WARN_OBJC_ROOT_CLASS = YES_ERROR;
				CLANG_WARN_UNREACHABLE_CODE = YES;
				CLANG_WARN__DUPLICATE_METHOD_MATCH = YES;
				"CODE_SIGN_IDENTITY[sdk=iphoneos*]" = "iPhone Developer";
				COPY_PHASE_STRIP = NO;
				DEBUG_INFORMATION_FORMAT = dwarf;
				ENABLE_STRICT_OBJC_MSGSEND = YES;
				ENABLE_TESTABILITY = YES;
				GCC_C_LANGUAGE_STANDARD = gnu99;
				GCC_DYNAMIC_NO_PIC = NO;
				GCC_NO_COMMON_BLOCKS = YES;
				GCC_OPTIMIZATION_LEVEL = 0;
				GCC_PREPROCESSOR_DEFINITIONS = (
					"DEBUG=1",
					"$(inherited)",
				);
				GCC_WARN_64_TO_32_BIT_CONVERSION = YES;
				GCC_WARN_ABOUT_RETURN_TYPE = YES_ERROR;
				GCC_WARN_UNDECLARED_SELECTOR = YES;
				GCC_WARN_UNINITIALIZED_AUTOS = YES_AGGRESSIVE;
				GCC_WARN_UNUSED_FUNCTION = YES;
				GCC_WARN_UNUSED_VARIABLE = YES;
				IPHONEOS_DEPLOYMENT_TARGET = 9.0;
				MTL_ENABLE_DEBUG_INFO = YES;
				ONLY_ACTIVE_ARCH = YES;
				SDKROOT = iphoneos;
				SWIFT_OPTIMIZATION_LEVEL = "-Onone";
			};
			name = Debug;
		};
		BDD0562F1BC3FB2F000C5112 /* Release */ = {
			isa = XCBuildConfiguration;
			buildSettings = {
				ALWAYS_SEARCH_USER_PATHS = NO;
				CLANG_CXX_LANGUAGE_STANDARD = "gnu++0x";
				CLANG_CXX_LIBRARY = "libc++";
				CLANG_ENABLE_MODULES = YES;
				CLANG_ENABLE_OBJC_ARC = YES;
				CLANG_WARN_BOOL_CONVERSION = YES;
				CLANG_WARN_CONSTANT_CONVERSION = YES;
				CLANG_WARN_DIRECT_OBJC_ISA_USAGE = YES_ERROR;
				CLANG_WARN_EMPTY_BODY = YES;
				CLANG_WARN_ENUM_CONVERSION = YES;
				CLANG_WARN_INT_CONVERSION = YES;
				CLANG_WARN_OBJC_ROOT_CLASS = YES_ERROR;
				CLANG_WARN_UNREACHABLE_CODE = YES;
				CLANG_WARN__DUPLICATE_METHOD_MATCH = YES;
				"CODE_SIGN_IDENTITY[sdk=iphoneos*]" = "iPhone Developer";
				COPY_PHASE_STRIP = NO;
				DEBUG_INFORMATION_FORMAT = "dwarf-with-dsym";
				ENABLE_NS_ASSERTIONS = NO;
				ENABLE_STRICT_OBJC_MSGSEND = YES;
				GCC_C_LANGUAGE_STANDARD = gnu99;
				GCC_NO_COMMON_BLOCKS = YES;
				GCC_WARN_64_TO_32_BIT_CONVERSION = YES;
				GCC_WARN_ABOUT_RETURN_TYPE = YES_ERROR;
				GCC_WARN_UNDECLARED_SELECTOR = YES;
				GCC_WARN_UNINITIALIZED_AUTOS = YES_AGGRESSIVE;
				GCC_WARN_UNUSED_FUNCTION = YES;
				GCC_WARN_UNUSED_VARIABLE = YES;
				IPHONEOS_DEPLOYMENT_TARGET = 9.0;
				MTL_ENABLE_DEBUG_INFO = NO;
				SDKROOT = iphoneos;
				VALIDATE_PRODUCT = YES;
			};
			name = Release;
		};
		BDD056311BC3FB2F000C5112 /* Debug */ = {
			isa = XCBuildConfiguration;
			buildSettings = {
				ASSETCATALOG_COMPILER_APPICON_NAME = AppIcon;
				EMBEDDED_CONTENT_CONTAINS_SWIFT = YES;
				INFOPLIST_FILE = OTPGeneratorExample/Info.plist;
				LD_RUNPATH_SEARCH_PATHS = "$(inherited) @executable_path/Frameworks";
				PRODUCT_BUNDLE_IDENTIFIER = com.codewise.OTPGeneratorExample;
				PRODUCT_NAME = OTPGeneratorExample;
			};
			name = Debug;
		};
		BDD056321BC3FB2F000C5112 /* Release */ = {
			isa = XCBuildConfiguration;
			buildSettings = {
				ASSETCATALOG_COMPILER_APPICON_NAME = AppIcon;
				EMBEDDED_CONTENT_CONTAINS_SWIFT = YES;
				INFOPLIST_FILE = OTPGeneratorExample/Info.plist;
				LD_RUNPATH_SEARCH_PATHS = "$(inherited) @executable_path/Frameworks";
				PRODUCT_BUNDLE_IDENTIFIER = com.codewise.OTPGeneratorExample;
				PRODUCT_NAME = OTPGeneratorExample;
			};
			name = Release;
		};
/* End XCBuildConfiguration section */

/* Begin XCConfigurationList section */
		BDD056191BC3FB2F000C5112 /* Build configuration list for PBXProject "OTPGeneratorExample" */ = {
			isa = XCConfigurationList;
			buildConfigurations = (
				BDD0562E1BC3FB2F000C5112 /* Debug */,
				BDD0562F1BC3FB2F000C5112 /* Release */,
			);
			defaultConfigurationIsVisible = 0;
			defaultConfigurationName = Release;
		};
		BDD056301BC3FB2F000C5112 /* Build configuration list for PBXNativeTarget "OTPGeneratorExample" */ = {
			isa = XCConfigurationList;
			buildConfigurations = (
				BDD056311BC3FB2F000C5112 /* Debug */,
				BDD056321BC3FB2F000C5112 /* Release */,
			);
			defaultConfigurationIsVisible = 0;
			defaultConfigurationName = Release;
		};
/* End XCConfigurationList section */
	};
	rootObject = BDD056161BC3FB2F000C5112 /* Project object */;
}
